
Microsoft Visual Studio Solution File, Format Version 12.00
# Visual Studio 14
VisualStudioVersion = 14.0.25420.1
MinimumVisualStudioVersion = 10.0.40219.1
Project("{FAE04EC0-301F-11D3-BF4B-00C04F79EFBC}") = "Template.Core", "Template.Core\Template.Core.csproj", "{E88AF07B-2AD1-4C9C-939B-0B2F57678BF2}"
EndProject
Project("{FAE04EC0-301F-11D3-BF4B-00C04F79EFBC}") = "Template.Migrations", "Template.Migrations\Template.Migrations.csproj", "{8DB733EF-2C71-4A47-9F14-C03DC9F6CA59}"
EndProject
Project("{FAE04EC0-301F-11D3-BF4B-00C04F79EFBC}") = "Template.ORM.NHibernate", "Template.ORM.NHibernate\Template.ORM.NHibernate.csproj", "{3D7737B7-0B6B-4EF3-9034-0920126CC3F4}"
EndProject
Project("{2150E333-8FDC-42A3-9474-1A3956D46DE8}") = "1 - Infrastructure", "1 - Infrastructure", "{DDC96A90-C81D-4BDC-9BF1-5811A078D86F}"
EndProject
Project("{2150E333-8FDC-42A3-9474-1A3956D46DE8}") = "2 - API", "2 - API", "{69E2EE8B-8830-4BFF-AC2D-193766A1EF51}"
EndProject
Project("{2150E333-8FDC-42A3-9474-1A3956D46DE8}") = "3 - Clients", "3 - Clients", "{9B26C213-8BCC-49E0-B1DF-B483FD492323}"
EndProject
Project("{FAE04EC0-301F-11D3-BF4B-00C04F79EFBC}") = "Template.RestAPI", "Template.RestAPI\Template.RestAPI.csproj", "{03A2D5E4-54A9-4D20-B3A7-15D6B219D26C}"
EndProject
Global
	GlobalSection(SolutionConfigurationPlatforms) = preSolution
		Debug|Any CPU = Debug|Any CPU
		Release|Any CPU = Release|Any CPU
	EndGlobalSection
	GlobalSection(ProjectConfigurationPlatforms) = postSolution
		{E88AF07B-2AD1-4C9C-939B-0B2F57678BF2}.Debug|Any CPU.ActiveCfg = Debug|Any CPU
		{E88AF07B-2AD1-4C9C-939B-0B2F57678BF2}.Debug|Any CPU.Build.0 = Debug|Any CPU
		{E88AF07B-2AD1-4C9C-939B-0B2F57678BF2}.Release|Any CPU.ActiveCfg = Release|Any CPU
		{E88AF07B-2AD1-4C9C-939B-0B2F57678BF2}.Release|Any CPU.Build.0 = Release|Any CPU
		{8DB733EF-2C71-4A47-9F14-C03DC9F6CA59}.Debug|Any CPU.ActiveCfg = Debug|Any CPU
		{8DB733EF-2C71-4A47-9F14-C03DC9F6CA59}.Debug|Any CPU.Build.0 = Debug|Any CPU
		{8DB733EF-2C71-4A47-9F14-C03DC9F6CA59}.Release|Any CPU.ActiveCfg = Release|Any CPU
		{8DB733EF-2C71-4A47-9F14-C03DC9F6CA59}.Release|Any CPU.Build.0 = Release|Any CPU
		{3D7737B7-0B6B-4EF3-9034-0920126CC3F4}.Debug|Any CPU.ActiveCfg = Debug|Any CPU
		{3D7737B7-0B6B-4EF3-9034-0920126CC3F4}.Debug|Any CPU.Build.0 = Debug|Any CPU
		{3D7737B7-0B6B-4EF3-9034-0920126CC3F4}.Release|Any CPU.ActiveCfg = Release|Any CPU
		{3D7737B7-0B6B-4EF3-9034-0920126CC3F4}.Release|Any CPU.Build.0 = Release|Any CPU
		{03A2D5E4-54A9-4D20-B3A7-15D6B219D26C}.Debug|Any CPU.ActiveCfg = Debug|Any CPU
		{03A2D5E4-54A9-4D20-B3A7-15D6B219D26C}.Debug|Any CPU.Build.0 = Debug|Any CPU
		{03A2D5E4-54A9-4D20-B3A7-15D6B219D26C}.Release|Any CPU.ActiveCfg = Release|Any CPU
		{03A2D5E4-54A9-4D20-B3A7-15D6B219D26C}.Release|Any CPU.Build.0 = Release|Any CPU
	EndGlobalSection
	GlobalSection(SolutionProperties) = preSolution
		HideSolutionNode = FALSE
	EndGlobalSection
	GlobalSection(NestedProjects) = preSolution
		{E88AF07B-2AD1-4C9C-939B-0B2F57678BF2} = {DDC96A90-C81D-4BDC-9BF1-5811A078D86F}
		{8DB733EF-2C71-4A47-9F14-C03DC9F6CA59} = {DDC96A90-C81D-4BDC-9BF1-5811A078D86F}
		{3D7737B7-0B6B-4EF3-9034-0920126CC3F4} = {DDC96A90-C81D-4BDC-9BF1-5811A078D86F}
		{03A2D5E4-54A9-4D20-B3A7-15D6B219D26C} = {69E2EE8B-8830-4BFF-AC2D-193766A1EF51}
	EndGlobalSection
EndGlobal
